// !$*UTF8*$!
{
	archiveVersion = 1;
	classes = {
	};
	objectVersion = 60;
	objects = {

/* Begin PBXBuildFile section */
		4E025E3B274E3C4300D56ED7 /* StatusView.swift in Sources */ = {isa = PBXBuildFile; fileRef = 4E025E3A274E3C4300D56ED7 /* StatusView.swift */; };
		4E0BD98126E9FC66005A4A94 /* AppDelegate.swift in Sources */ = {isa = PBXBuildFile; fileRef = 4E0BD98026E9FC66005A4A94 /* AppDelegate.swift */; };
		4E0BD98326E9FC66005A4A94 /* SceneDelegate.swift in Sources */ = {isa = PBXBuildFile; fileRef = 4E0BD98226E9FC66005A4A94 /* SceneDelegate.swift */; };
		4E0BD98A26E9FC67005A4A94 /* Assets.xcassets in Resources */ = {isa = PBXBuildFile; fileRef = 4E0BD98926E9FC67005A4A94 /* Assets.xcassets */; };
		4E0BD98D26E9FC67005A4A94 /* LaunchScreen.storyboard in Resources */ = {isa = PBXBuildFile; fileRef = 4E0BD98B26E9FC67005A4A94 /* LaunchScreen.storyboard */; };
		4E0BD9A926EA0159005A4A94 /* ImageViewController.swift in Sources */ = {isa = PBXBuildFile; fileRef = 4E0BD9A126EA0159005A4A94 /* ImageViewController.swift */; };
		4E1359452C39718F007F8720 /* CameraViewController.swift in Sources */ = {isa = PBXBuildFile; fileRef = 4E1359442C39718F007F8720 /* CameraViewController.swift */; };
		4E1982BD2BAB55E400A37AE0 /* AudioCell.swift in Sources */ = {isa = PBXBuildFile; fileRef = 4E1982BC2BAB55E400A37AE0 /* AudioCell.swift */; };
		4E1982BF2BAB58CE00A37AE0 /* VideoCell.swift in Sources */ = {isa = PBXBuildFile; fileRef = 4E1982BE2BAB58CE00A37AE0 /* VideoCell.swift */; };
		4E1982C12BAB59CD00A37AE0 /* ImageCell.swift in Sources */ = {isa = PBXBuildFile; fileRef = 4E1982C02BAB59CD00A37AE0 /* ImageCell.swift */; };
		4E1982C32BAB5A0700A37AE0 /* TrackCell.swift in Sources */ = {isa = PBXBuildFile; fileRef = 4E1982C22BAB5A0700A37AE0 /* TrackCell.swift */; };
		4E1982C52BAC246600A37AE0 /* NoteCell.swift in Sources */ = {isa = PBXBuildFile; fileRef = 4E1982C42BAC246500A37AE0 /* NoteCell.swift */; };
		4E1B80F12732ED43003ED6B0 /* MainViewController.swift in Sources */ = {isa = PBXBuildFile; fileRef = 4E1B80F02732ED43003ED6B0 /* MainViewController.swift */; };
		4E1B81122732EDC5003ED6B0 /* CurrentLocationView.swift in Sources */ = {isa = PBXBuildFile; fileRef = 4E1B81032732EDC4003ED6B0 /* CurrentLocationView.swift */; };
		4E1B81132732EDC5003ED6B0 /* TileLayerView.swift in Sources */ = {isa = PBXBuildFile; fileRef = 4E1B81042732EDC4003ED6B0 /* TileLayerView.swift */; };
		4E1B81142732EDC5003ED6B0 /* TopMenuView.swift in Sources */ = {isa = PBXBuildFile; fileRef = 4E1B81052732EDC4003ED6B0 /* TopMenuView.swift */; };
		4E1B81172732EDC5003ED6B0 /* LocationLayerView.swift in Sources */ = {isa = PBXBuildFile; fileRef = 4E1B81082732EDC4003ED6B0 /* LocationLayerView.swift */; };
		4E1B81182732EDC5003ED6B0 /* LocationMarker.swift in Sources */ = {isa = PBXBuildFile; fileRef = 4E1B81092732EDC5003ED6B0 /* LocationMarker.swift */; };
		4E1B811E2732EDC5003ED6B0 /* MapView.swift in Sources */ = {isa = PBXBuildFile; fileRef = 4E1B810F2732EDC5003ED6B0 /* MapView.swift */; };
		4E1D0E17274B9C4600F3D584 /* TrackListViewController.swift in Sources */ = {isa = PBXBuildFile; fileRef = 4E1D0E16274B9C4600F3D584 /* TrackListViewController.swift */; };
		4E1D0E20274BDB1900F3D584 /* TrackViewController.swift in Sources */ = {isa = PBXBuildFile; fileRef = 4E1D0E1F274BDB1900F3D584 /* TrackViewController.swift */; };
		4E1D0E22274C21CD00F3D584 /* LocationListViewController.swift in Sources */ = {isa = PBXBuildFile; fileRef = 4E1D0E21274C21CD00F3D584 /* LocationListViewController.swift */; };
		4E1D0E24274C223C00F3D584 /* LocationCell.swift in Sources */ = {isa = PBXBuildFile; fileRef = 4E1D0E23274C223C00F3D584 /* LocationCell.swift */; };
		4E2088DF27439C440097BFBA /* TrackLayerView.swift in Sources */ = {isa = PBXBuildFile; fileRef = 4E2088DE27439C440097BFBA /* TrackLayerView.swift */; };
		4E2579022B99C26700481B23 /* Localizable.xcstrings in Resources */ = {isa = PBXBuildFile; fileRef = 4E2579012B99C26700481B23 /* Localizable.xcstrings */; };
		4E2579042B99C27C00481B23 /* InfoPlist.xcstrings in Resources */ = {isa = PBXBuildFile; fileRef = 4E2579032B99C27C00481B23 /* InfoPlist.xcstrings */; };
		4E2579132B9DB5B200481B23 /* Base.xcstrings in Resources */ = {isa = PBXBuildFile; fileRef = 4E2579102B9DB5B200481B23 /* Base.xcstrings */; };
		4E2579142B9DB5B200481B23 /* Location.xcstrings in Resources */ = {isa = PBXBuildFile; fileRef = 4E2579112B9DB5B200481B23 /* Location.xcstrings */; };
		4E2579152B9DB5B200481B23 /* Camera.xcstrings in Resources */ = {isa = PBXBuildFile; fileRef = 4E2579122B9DB5B200481B23 /* Camera.xcstrings */; };
		4E44248D2B95022C0007A26F /* VideoViewController.swift in Sources */ = {isa = PBXBuildFile; fileRef = 4E44248C2B95022B0007A26F /* VideoViewController.swift */; };
		4E4798832C060CDE00B49506 /* ICloudViewController.swift in Sources */ = {isa = PBXBuildFile; fileRef = 4E4798822C060CDE00B49506 /* ICloudViewController.swift */; };
		4E4B0A2E2BACA34800838EC0 /* ActionMenuView.swift in Sources */ = {isa = PBXBuildFile; fileRef = 4E4B0A2D2BACA34800838EC0 /* ActionMenuView.swift */; };
		4E4B0A302BAD803D00838EC0 /* MainViewController+Menus.swift in Sources */ = {isa = PBXBuildFile; fileRef = 4E4B0A2F2BAD803D00838EC0 /* MainViewController+Menus.swift */; };
		4E4B0A342BAD929900838EC0 /* TrackStatusView.swift in Sources */ = {isa = PBXBuildFile; fileRef = 4E4B0A332BAD929900838EC0 /* TrackStatusView.swift */; };
		4E4B0A362BAECA2300838EC0 /* NoteViewController.swift in Sources */ = {isa = PBXBuildFile; fileRef = 4E4B0A352BAECA2300838EC0 /* NoteViewController.swift */; };
		4E5124202BAAE78100A5B416 /* LocationItemCell.swift in Sources */ = {isa = PBXBuildFile; fileRef = 4E51241F2BAAE78100A5B416 /* LocationItemCell.swift */; };
		4E55B2B329476E0B005D2BFB /* VideoPlayerView.swift in Sources */ = {isa = PBXBuildFile; fileRef = 4E55B2B229476E0B005D2BFB /* VideoPlayerView.swift */; };
		4E55EFAE28DAF951007AD900 /* TrackSettingsViewController.swift in Sources */ = {isa = PBXBuildFile; fileRef = 4E55EFAD28DAF951007AD900 /* TrackSettingsViewController.swift */; };
		4E5F8C8C298D18F700D1CE5C /* MainViewController+Map.swift in Sources */ = {isa = PBXBuildFile; fileRef = 4E5F8C8B298D18F700D1CE5C /* MainViewController+Map.swift */; };
		4E6EBDEA2BBFE9C5009BE87C /* CrossLocationMenuViewController.swift in Sources */ = {isa = PBXBuildFile; fileRef = 4E6EBDE92BBFE9C5009BE87C /* CrossLocationMenuViewController.swift */; };
		4E79FBB3275BCE67001F0481 /* Marker.swift in Sources */ = {isa = PBXBuildFile; fileRef = 4E79FBB2275BCE67001F0481 /* Marker.swift */; };
		4E89173F273688580046AC91 /* LocationViewController.swift in Sources */ = {isa = PBXBuildFile; fileRef = 4E89173E273688580046AC91 /* LocationViewController.swift */; };
		4EA30CF62C37F706002EA622 /* TrackRecorder.swift in Sources */ = {isa = PBXBuildFile; fileRef = 4EA30CF52C37F706002EA622 /* TrackRecorder.swift */; };
		4EB694532C3EAC720058BAD0 /* E5Data in Frameworks */ = {isa = PBXBuildFile; productRef = 4EB694522C3EAC720058BAD0 /* E5Data */; };
		4EB694572C3EADBB0058BAD0 /* E5PhotoLib in Frameworks */ = {isa = PBXBuildFile; productRef = 4EB694562C3EADBB0058BAD0 /* E5PhotoLib */; };
		4EB6945A2C3EAE560058BAD0 /* E5MapData in Frameworks */ = {isa = PBXBuildFile; productRef = 4EB694592C3EAE560058BAD0 /* E5MapData */; };
		4EB6945D2C3EAE8A0058BAD0 /* E5IOSAV in Frameworks */ = {isa = PBXBuildFile; productRef = 4EB6945C2C3EAE8A0058BAD0 /* E5IOSAV */; };
		4EB694602C3EAEAF0058BAD0 /* E5IOSUI in Frameworks */ = {isa = PBXBuildFile; productRef = 4EB6945F2C3EAEAF0058BAD0 /* E5IOSUI */; };
		4EB694632C3EAF240058BAD0 /* Zip in Frameworks */ = {isa = PBXBuildFile; productRef = 4EB694622C3EAF240058BAD0 /* Zip */; };
		4EB9BCEA2BB1CE1400787A15 /* AudioRecorderView.swift in Sources */ = {isa = PBXBuildFile; fileRef = 4EB9BCE92BB1CE1400787A15 /* AudioRecorderView.swift */; };
		4EC520182C0DEECB009C4A49 /* E5IOSAV in Frameworks */ = {isa = PBXBuildFile; productRef = 4EC520172C0DEECB009C4A49 /* E5IOSAV */; };
		4EC5201B2C0DF030009C4A49 /* E5Data in Frameworks */ = {isa = PBXBuildFile; productRef = 4EC5201A2C0DF030009C4A49 /* E5Data */; };
		4ECC1ACC2BA2FB3300B9CCBD /* LocationGroupViewController.swift in Sources */ = {isa = PBXBuildFile; fileRef = 4ECC1ACB2BA2FB3300B9CCBD /* LocationGroupViewController.swift */; };
		4ECC1AD42BA3398C00B9CCBD /* TileSourceController.swift in Sources */ = {isa = PBXBuildFile; fileRef = 4ECC1AD32BA3398C00B9CCBD /* TileSourceController.swift */; };
		4ECC1AD82BA4A7C500B9CCBD /* MainViewController+LocationDelegate.swift in Sources */ = {isa = PBXBuildFile; fileRef = 4ECC1AD72BA4A7C500B9CCBD /* MainViewController+LocationDelegate.swift */; };
		4ECFC99F26FBB8AF0083977B /* TilePreloadViewController.swift in Sources */ = {isa = PBXBuildFile; fileRef = 4ECFC99E26FBB8AF0083977B /* TilePreloadViewController.swift */; };
		4ED55ECF2976B17400C679AF /* LocationGroupMarker.swift in Sources */ = {isa = PBXBuildFile; fileRef = 4ED55ECD2976B17400C679AF /* LocationGroupMarker.swift */; };
		4ED5FC452BBDA98B00E96EBB /* PrivacyInfo.xcprivacy in Resources */ = {isa = PBXBuildFile; fileRef = 4ED5FC442BBDA98B00E96EBB /* PrivacyInfo.xcprivacy */; };
		4EE1463028D4C5DD0058F3D3 /* MapScrollView.swift in Sources */ = {isa = PBXBuildFile; fileRef = 4EE1462F28D4C5DD0058F3D3 /* MapScrollView.swift */; };
		4EECDD772C3A81790080241F /* SettingsViewController.swift in Sources */ = {isa = PBXBuildFile; fileRef = 4EECDD762C3A81790080241F /* SettingsViewController.swift */; };
		4EEF6F8428FAC5C500543EBA /* SearchViewController.swift in Sources */ = {isa = PBXBuildFile; fileRef = 4EEF6F8328FAC5C500543EBA /* SearchViewController.swift */; };
		4EF3530A2BB2C30100A0A85B /* SearchResultCell.swift in Sources */ = {isa = PBXBuildFile; fileRef = 4EF353092BB2C30100A0A85B /* SearchResultCell.swift */; };
		4EF3530E2BB43E6800A0A85B /* MapMenuView.swift in Sources */ = {isa = PBXBuildFile; fileRef = 4EF3530D2BB43E6800A0A85B /* MapMenuView.swift */; };
		4EF477142941EBC600294B21 /* ImageItem.swift in Sources */ = {isa = PBXBuildFile; fileRef = 4EF477132941EBC600294B21 /* ImageItem.swift */; };
		4EF477182941EEB300294B21 /* AudioRecorderViewController.swift in Sources */ = {isa = PBXBuildFile; fileRef = 4EF477172941EEB300294B21 /* AudioRecorderViewController.swift */; };
		4EF4771A2941EED600294B21 /* AudioPlayerView.swift in Sources */ = {isa = PBXBuildFile; fileRef = 4EF477192941EED600294B21 /* AudioPlayerView.swift */; };
		4EF56CCC2C403B0000B0A0F3 /* UIColor.swift in Sources */ = {isa = PBXBuildFile; fileRef = 4EF56CCB2C403B0000B0A0F3 /* UIColor.swift */; };
		4EFCC4762BBAEDD100CBEA6E /* ImageListViewController.swift in Sources */ = {isa = PBXBuildFile; fileRef = 4EFCC4752BBAEDD100CBEA6E /* ImageListViewController.swift */; };
		4EFF86952C273B8300D0DEB0 /* E5MapData in Frameworks */ = {isa = PBXBuildFile; productRef = 4EFF86942C273B8300D0DEB0 /* E5MapData */; };
		4EFF86982C2AFC0E00D0DEB0 /* E5IOSUI in Frameworks */ = {isa = PBXBuildFile; productRef = 4EFF86972C2AFC0E00D0DEB0 /* E5IOSUI */; };
/* End PBXBuildFile section */

/* Begin PBXFileReference section */
		4E0252472BC2C94B0010D234 /* Maps for OSM.entitlements */ = {isa = PBXFileReference; lastKnownFileType = text.plist.entitlements; path = "Maps for OSM.entitlements"; sourceTree = "<group>"; };
		4E025E3A274E3C4300D56ED7 /* StatusView.swift */ = {isa = PBXFileReference; lastKnownFileType = sourcecode.swift; path = StatusView.swift; sourceTree = "<group>"; };
		4E0BD97D26E9FC66005A4A94 /* Maps for OSM.app */ = {isa = PBXFileReference; explicitFileType = wrapper.application; includeInIndex = 0; path = "Maps for OSM.app"; sourceTree = BUILT_PRODUCTS_DIR; };
		4E0BD98026E9FC66005A4A94 /* AppDelegate.swift */ = {isa = PBXFileReference; lastKnownFileType = sourcecode.swift; path = AppDelegate.swift; sourceTree = "<group>"; };
		4E0BD98226E9FC66005A4A94 /* SceneDelegate.swift */ = {isa = PBXFileReference; lastKnownFileType = sourcecode.swift; path = SceneDelegate.swift; sourceTree = "<group>"; };
		4E0BD98926E9FC67005A4A94 /* Assets.xcassets */ = {isa = PBXFileReference; lastKnownFileType = folder.assetcatalog; path = Assets.xcassets; sourceTree = "<group>"; };
		4E0BD98C26E9FC67005A4A94 /* Base */ = {isa = PBXFileReference; lastKnownFileType = file.storyboard; name = Base; path = Base.lproj/LaunchScreen.storyboard; sourceTree = "<group>"; };
		4E0BD98E26E9FC67005A4A94 /* Info.plist */ = {isa = PBXFileReference; lastKnownFileType = text.plist.xml; path = Info.plist; sourceTree = "<group>"; };
		4E0BD9A126EA0159005A4A94 /* ImageViewController.swift */ = {isa = PBXFileReference; fileEncoding = 4; lastKnownFileType = sourcecode.swift; path = ImageViewController.swift; sourceTree = "<group>"; };
		4E1359442C39718F007F8720 /* CameraViewController.swift */ = {isa = PBXFileReference; lastKnownFileType = sourcecode.swift; path = CameraViewController.swift; sourceTree = "<group>"; };
		4E1982BC2BAB55E400A37AE0 /* AudioCell.swift */ = {isa = PBXFileReference; lastKnownFileType = sourcecode.swift; path = AudioCell.swift; sourceTree = "<group>"; };
		4E1982BE2BAB58CE00A37AE0 /* VideoCell.swift */ = {isa = PBXFileReference; lastKnownFileType = sourcecode.swift; path = VideoCell.swift; sourceTree = "<group>"; };
		4E1982C02BAB59CD00A37AE0 /* ImageCell.swift */ = {isa = PBXFileReference; lastKnownFileType = sourcecode.swift; path = ImageCell.swift; sourceTree = "<group>"; };
		4E1982C22BAB5A0700A37AE0 /* TrackCell.swift */ = {isa = PBXFileReference; lastKnownFileType = sourcecode.swift; path = TrackCell.swift; sourceTree = "<group>"; };
		4E1982C42BAC246500A37AE0 /* NoteCell.swift */ = {isa = PBXFileReference; lastKnownFileType = sourcecode.swift; path = NoteCell.swift; sourceTree = "<group>"; };
		4E1B80F02732ED43003ED6B0 /* MainViewController.swift */ = {isa = PBXFileReference; fileEncoding = 4; lastKnownFileType = sourcecode.swift; path = MainViewController.swift; sourceTree = "<group>"; };
		4E1B81032732EDC4003ED6B0 /* CurrentLocationView.swift */ = {isa = PBXFileReference; fileEncoding = 4; lastKnownFileType = sourcecode.swift; path = CurrentLocationView.swift; sourceTree = "<group>"; };
		4E1B81042732EDC4003ED6B0 /* TileLayerView.swift */ = {isa = PBXFileReference; fileEncoding = 4; lastKnownFileType = sourcecode.swift; path = TileLayerView.swift; sourceTree = "<group>"; };
		4E1B81052732EDC4003ED6B0 /* TopMenuView.swift */ = {isa = PBXFileReference; fileEncoding = 4; lastKnownFileType = sourcecode.swift; path = TopMenuView.swift; sourceTree = "<group>"; };
		4E1B81082732EDC4003ED6B0 /* LocationLayerView.swift */ = {isa = PBXFileReference; fileEncoding = 4; lastKnownFileType = sourcecode.swift; path = LocationLayerView.swift; sourceTree = "<group>"; };
		4E1B81092732EDC5003ED6B0 /* LocationMarker.swift */ = {isa = PBXFileReference; fileEncoding = 4; lastKnownFileType = sourcecode.swift; path = LocationMarker.swift; sourceTree = "<group>"; };
		4E1B810F2732EDC5003ED6B0 /* MapView.swift */ = {isa = PBXFileReference; fileEncoding = 4; lastKnownFileType = sourcecode.swift; path = MapView.swift; sourceTree = "<group>"; };
		4E1D0E16274B9C4600F3D584 /* TrackListViewController.swift */ = {isa = PBXFileReference; lastKnownFileType = sourcecode.swift; path = TrackListViewController.swift; sourceTree = "<group>"; };
		4E1D0E1F274BDB1900F3D584 /* TrackViewController.swift */ = {isa = PBXFileReference; lastKnownFileType = sourcecode.swift; path = TrackViewController.swift; sourceTree = "<group>"; };
		4E1D0E21274C21CD00F3D584 /* LocationListViewController.swift */ = {isa = PBXFileReference; lastKnownFileType = sourcecode.swift; path = LocationListViewController.swift; sourceTree = "<group>"; };
		4E1D0E23274C223C00F3D584 /* LocationCell.swift */ = {isa = PBXFileReference; lastKnownFileType = sourcecode.swift; path = LocationCell.swift; sourceTree = "<group>"; };
		4E2088DE27439C440097BFBA /* TrackLayerView.swift */ = {isa = PBXFileReference; lastKnownFileType = sourcecode.swift; path = TrackLayerView.swift; sourceTree = "<group>"; };
		4E2579012B99C26700481B23 /* Localizable.xcstrings */ = {isa = PBXFileReference; lastKnownFileType = text.json.xcstrings; path = Localizable.xcstrings; sourceTree = "<group>"; };
		4E2579032B99C27C00481B23 /* InfoPlist.xcstrings */ = {isa = PBXFileReference; lastKnownFileType = text.json.xcstrings; path = InfoPlist.xcstrings; sourceTree = "<group>"; };
		4E2579052B99C3AF00481B23 /* mul */ = {isa = PBXFileReference; lastKnownFileType = text.json.xcstrings; name = mul; path = mul.lproj/LaunchScreen.xcstrings; sourceTree = "<group>"; };
		4E2579102B9DB5B200481B23 /* Base.xcstrings */ = {isa = PBXFileReference; fileEncoding = 4; lastKnownFileType = text.json.xcstrings; path = Base.xcstrings; sourceTree = "<group>"; };
		4E2579112B9DB5B200481B23 /* Location.xcstrings */ = {isa = PBXFileReference; fileEncoding = 4; lastKnownFileType = text.json.xcstrings; path = Location.xcstrings; sourceTree = "<group>"; };
		4E2579122B9DB5B200481B23 /* Camera.xcstrings */ = {isa = PBXFileReference; fileEncoding = 4; lastKnownFileType = text.json.xcstrings; path = Camera.xcstrings; sourceTree = "<group>"; };
		4E44248C2B95022B0007A26F /* VideoViewController.swift */ = {isa = PBXFileReference; fileEncoding = 4; lastKnownFileType = sourcecode.swift; path = VideoViewController.swift; sourceTree = "<group>"; };
		4E4798822C060CDE00B49506 /* ICloudViewController.swift */ = {isa = PBXFileReference; fileEncoding = 4; lastKnownFileType = sourcecode.swift; path = ICloudViewController.swift; sourceTree = "<group>"; };
		4E4B0A2D2BACA34800838EC0 /* ActionMenuView.swift */ = {isa = PBXFileReference; lastKnownFileType = sourcecode.swift; path = ActionMenuView.swift; sourceTree = "<group>"; };
		4E4B0A2F2BAD803D00838EC0 /* MainViewController+Menus.swift */ = {isa = PBXFileReference; lastKnownFileType = sourcecode.swift; path = "MainViewController+Menus.swift"; sourceTree = "<group>"; };
		4E4B0A332BAD929900838EC0 /* TrackStatusView.swift */ = {isa = PBXFileReference; lastKnownFileType = sourcecode.swift; path = TrackStatusView.swift; sourceTree = "<group>"; };
		4E4B0A352BAECA2300838EC0 /* NoteViewController.swift */ = {isa = PBXFileReference; lastKnownFileType = sourcecode.swift; path = NoteViewController.swift; sourceTree = "<group>"; };
		4E51241F2BAAE78100A5B416 /* LocationItemCell.swift */ = {isa = PBXFileReference; lastKnownFileType = sourcecode.swift; path = LocationItemCell.swift; sourceTree = "<group>"; };
		4E55B2B229476E0B005D2BFB /* VideoPlayerView.swift */ = {isa = PBXFileReference; lastKnownFileType = sourcecode.swift; path = VideoPlayerView.swift; sourceTree = "<group>"; };
		4E55EFAD28DAF951007AD900 /* TrackSettingsViewController.swift */ = {isa = PBXFileReference; lastKnownFileType = sourcecode.swift; path = TrackSettingsViewController.swift; sourceTree = "<group>"; };
		4E5F8C8B298D18F700D1CE5C /* MainViewController+Map.swift */ = {isa = PBXFileReference; lastKnownFileType = sourcecode.swift; path = "MainViewController+Map.swift"; sourceTree = "<group>"; };
		4E6EBDE92BBFE9C5009BE87C /* CrossLocationMenuViewController.swift */ = {isa = PBXFileReference; lastKnownFileType = sourcecode.swift; path = CrossLocationMenuViewController.swift; sourceTree = "<group>"; };
		4E79FBB2275BCE67001F0481 /* Marker.swift */ = {isa = PBXFileReference; lastKnownFileType = sourcecode.swift; path = Marker.swift; sourceTree = "<group>"; };
		4E89173E273688580046AC91 /* LocationViewController.swift */ = {isa = PBXFileReference; lastKnownFileType = sourcecode.swift; path = LocationViewController.swift; sourceTree = "<group>"; };
		4EA30CF52C37F706002EA622 /* TrackRecorder.swift */ = {isa = PBXFileReference; fileEncoding = 4; lastKnownFileType = sourcecode.swift; path = TrackRecorder.swift; sourceTree = "<group>"; };
		4EB9BCE92BB1CE1400787A15 /* AudioRecorderView.swift */ = {isa = PBXFileReference; lastKnownFileType = sourcecode.swift; path = AudioRecorderView.swift; sourceTree = "<group>"; };
		4ECC1ACB2BA2FB3300B9CCBD /* LocationGroupViewController.swift */ = {isa = PBXFileReference; lastKnownFileType = sourcecode.swift; path = LocationGroupViewController.swift; sourceTree = "<group>"; };
		4ECC1AD32BA3398C00B9CCBD /* TileSourceController.swift */ = {isa = PBXFileReference; lastKnownFileType = sourcecode.swift; path = TileSourceController.swift; sourceTree = "<group>"; };
		4ECC1AD72BA4A7C500B9CCBD /* MainViewController+LocationDelegate.swift */ = {isa = PBXFileReference; lastKnownFileType = sourcecode.swift; path = "MainViewController+LocationDelegate.swift"; sourceTree = "<group>"; };
		4ECFC99E26FBB8AF0083977B /* TilePreloadViewController.swift */ = {isa = PBXFileReference; lastKnownFileType = sourcecode.swift; path = TilePreloadViewController.swift; sourceTree = "<group>"; };
		4ED55ECD2976B17400C679AF /* LocationGroupMarker.swift */ = {isa = PBXFileReference; fileEncoding = 4; lastKnownFileType = sourcecode.swift; path = LocationGroupMarker.swift; sourceTree = "<group>"; };
		4ED5FC442BBDA98B00E96EBB /* PrivacyInfo.xcprivacy */ = {isa = PBXFileReference; lastKnownFileType = text.xml; path = PrivacyInfo.xcprivacy; sourceTree = "<group>"; };
		4EE1462F28D4C5DD0058F3D3 /* MapScrollView.swift */ = {isa = PBXFileReference; lastKnownFileType = sourcecode.swift; path = MapScrollView.swift; sourceTree = "<group>"; };
		4EECDD762C3A81790080241F /* SettingsViewController.swift */ = {isa = PBXFileReference; lastKnownFileType = sourcecode.swift; path = SettingsViewController.swift; sourceTree = "<group>"; };
		4EEF6F8328FAC5C500543EBA /* SearchViewController.swift */ = {isa = PBXFileReference; lastKnownFileType = sourcecode.swift; path = SearchViewController.swift; sourceTree = "<group>"; };
		4EF353092BB2C30100A0A85B /* SearchResultCell.swift */ = {isa = PBXFileReference; lastKnownFileType = sourcecode.swift; path = SearchResultCell.swift; sourceTree = "<group>"; };
		4EF3530D2BB43E6800A0A85B /* MapMenuView.swift */ = {isa = PBXFileReference; lastKnownFileType = sourcecode.swift; path = MapMenuView.swift; sourceTree = "<group>"; };
		4EF477132941EBC600294B21 /* ImageItem.swift */ = {isa = PBXFileReference; lastKnownFileType = sourcecode.swift; path = ImageItem.swift; sourceTree = "<group>"; };
		4EF477172941EEB300294B21 /* AudioRecorderViewController.swift */ = {isa = PBXFileReference; lastKnownFileType = sourcecode.swift; path = AudioRecorderViewController.swift; sourceTree = "<group>"; };
		4EF477192941EED600294B21 /* AudioPlayerView.swift */ = {isa = PBXFileReference; lastKnownFileType = sourcecode.swift; path = AudioPlayerView.swift; sourceTree = "<group>"; };
		4EF56CCB2C403B0000B0A0F3 /* UIColor.swift */ = {isa = PBXFileReference; lastKnownFileType = sourcecode.swift; path = UIColor.swift; sourceTree = "<group>"; };
		4EFCC4752BBAEDD100CBEA6E /* ImageListViewController.swift */ = {isa = PBXFileReference; lastKnownFileType = sourcecode.swift; path = ImageListViewController.swift; sourceTree = "<group>"; };
/* End PBXFileReference section */

/* Begin PBXFrameworksBuildPhase section */
		4E0BD97A26E9FC66005A4A94 /* Frameworks */ = {
			isa = PBXFrameworksBuildPhase;
			buildActionMask = 2147483647;
			files = (
				4EB6945D2C3EAE8A0058BAD0 /* E5IOSAV in Frameworks */,
				4EB694532C3EAC720058BAD0 /* E5Data in Frameworks */,
				4EC5201B2C0DF030009C4A49 /* E5Data in Frameworks */,
				4EB6945A2C3EAE560058BAD0 /* E5MapData in Frameworks */,
				4EB694632C3EAF240058BAD0 /* Zip in Frameworks */,
				4EFF86982C2AFC0E00D0DEB0 /* E5IOSUI in Frameworks */,
				4EFF86952C273B8300D0DEB0 /* E5MapData in Frameworks */,
				4EB694572C3EADBB0058BAD0 /* E5PhotoLib in Frameworks */,
				4EB694602C3EAEAF0058BAD0 /* E5IOSUI in Frameworks */,
				4EC520182C0DEECB009C4A49 /* E5IOSAV in Frameworks */,
			);
			runOnlyForDeploymentPostprocessing = 0;
		};
/* End PBXFrameworksBuildPhase section */

/* Begin PBXGroup section */
		4E0252572BC3F2E90010D234 /* Audio */ = {
			isa = PBXGroup;
			children = (
				4E1982BC2BAB55E400A37AE0 /* AudioCell.swift */,
				4EF477192941EED600294B21 /* AudioPlayerView.swift */,
				4EB9BCE92BB1CE1400787A15 /* AudioRecorderView.swift */,
				4EF477172941EEB300294B21 /* AudioRecorderViewController.swift */,
			);
			path = Audio;
			sourceTree = "<group>";
		};
		4E0252582BC3F3010010D234 /* Image */ = {
			isa = PBXGroup;
			children = (
				4E1982C02BAB59CD00A37AE0 /* ImageCell.swift */,
				4EF477132941EBC600294B21 /* ImageItem.swift */,
				4EFCC4752BBAEDD100CBEA6E /* ImageListViewController.swift */,
				4E0BD9A126EA0159005A4A94 /* ImageViewController.swift */,
			);
			path = Image;
			sourceTree = "<group>";
		};
		4E0BD97426E9FC66005A4A94 = {
			isa = PBXGroup;
			children = (
				4E0252472BC2C94B0010D234 /* Maps for OSM.entitlements */,
				4E0BD97F26E9FC66005A4A94 /* Maps-For-OSM */,
				4E0BD97E26E9FC66005A4A94 /* Products */,
			);
			sourceTree = "<group>";
		};
		4E0BD97E26E9FC66005A4A94 /* Products */ = {
			isa = PBXGroup;
			children = (
				4E0BD97D26E9FC66005A4A94 /* Maps for OSM.app */,
			);
			name = Products;
			sourceTree = "<group>";
		};
		4E0BD97F26E9FC66005A4A94 /* Maps-For-OSM */ = {
			isa = PBXGroup;
			children = (
				4E0BD98926E9FC67005A4A94 /* Assets.xcassets */,
				4E2579102B9DB5B200481B23 /* Base.xcstrings */,
				4E2579122B9DB5B200481B23 /* Camera.xcstrings */,
				4E2579112B9DB5B200481B23 /* Location.xcstrings */,
				4E2579032B99C27C00481B23 /* InfoPlist.xcstrings */,
				4E2579012B99C26700481B23 /* Localizable.xcstrings */,
				4ED5FC442BBDA98B00E96EBB /* PrivacyInfo.xcprivacy */,
				4E0BD98E26E9FC67005A4A94 /* Info.plist */,
				4E0BD98B26E9FC67005A4A94 /* LaunchScreen.storyboard */,
				4E0BD99726EA0020005A4A94 /* Application */,
				4EF353192BB56AE900A0A85B /* Preferences */,
				4E4B0A392BAED95700838EC0 /* Main */,
				4EA5C6C62C3D0AB8003348A6 /* Camera */,
				4E3BE7EA26EA7E57000F9069 /* Map */,
				4E4798852C060D0C00B49506 /* iCloud */,
				4E9A245B275379B8004B43BE /* Tile */,
				4E30799228D783F8005FBEF0 /* Location */,
				4E0252572BC3F2E90010D234 /* Audio */,
				4E0252582BC3F3010010D234 /* Image */,
				4E1982C62BAC248500A37AE0 /* Note */,
				4E5124232BAAF8EA00A5B416 /* Track */,
				4E5124242BAAF91800A5B416 /* Video */,
				4EEF6F8228FAC58800543EBA /* Search */,
			);
			path = "Maps-For-OSM";
			sourceTree = "<group>";
		};
		4E0BD99726EA0020005A4A94 /* Application */ = {
			isa = PBXGroup;
			children = (
				4E0BD98026E9FC66005A4A94 /* AppDelegate.swift */,
				4E0BD98226E9FC66005A4A94 /* SceneDelegate.swift */,
				4EF56CCB2C403B0000B0A0F3 /* UIColor.swift */,
			);
			path = Application;
			sourceTree = "<group>";
		};
		4E1982C62BAC248500A37AE0 /* Note */ = {
			isa = PBXGroup;
			children = (
				4E1982C42BAC246500A37AE0 /* NoteCell.swift */,
				4E4B0A352BAECA2300838EC0 /* NoteViewController.swift */,
			);
			path = Note;
			sourceTree = "<group>";
		};
		4E30799228D783F8005FBEF0 /* Location */ = {
			isa = PBXGroup;
			children = (
				4E79FBB2275BCE67001F0481 /* Marker.swift */,
				4E1D0E23274C223C00F3D584 /* LocationCell.swift */,
				4ED55ECD2976B17400C679AF /* LocationGroupMarker.swift */,
				4ECC1ACB2BA2FB3300B9CCBD /* LocationGroupViewController.swift */,
				4E51241F2BAAE78100A5B416 /* LocationItemCell.swift */,
				4E1B81082732EDC4003ED6B0 /* LocationLayerView.swift */,
				4E1D0E21274C21CD00F3D584 /* LocationListViewController.swift */,
				4E1B81092732EDC5003ED6B0 /* LocationMarker.swift */,
				4E89173E273688580046AC91 /* LocationViewController.swift */,
			);
			path = Location;
			sourceTree = "<group>";
		};
		4E3BE7EA26EA7E57000F9069 /* Map */ = {
			isa = PBXGroup;
			children = (
				4E6EBDE92BBFE9C5009BE87C /* CrossLocationMenuViewController.swift */,
				4E1B81032732EDC4003ED6B0 /* CurrentLocationView.swift */,
				4EE1462F28D4C5DD0058F3D3 /* MapScrollView.swift */,
				4E1B810F2732EDC5003ED6B0 /* MapView.swift */,
			);
			path = Map;
			sourceTree = "<group>";
		};
		4E4798852C060D0C00B49506 /* iCloud */ = {
			isa = PBXGroup;
			children = (
				4E4798822C060CDE00B49506 /* ICloudViewController.swift */,
			);
			path = iCloud;
			sourceTree = "<group>";
		};
		4E4B0A392BAED95700838EC0 /* Main */ = {
			isa = PBXGroup;
			children = (
				4E4B0A2D2BACA34800838EC0 /* ActionMenuView.swift */,
				4E1B81052732EDC4003ED6B0 /* TopMenuView.swift */,
				4E1B80F02732ED43003ED6B0 /* MainViewController.swift */,
				4ECC1AD72BA4A7C500B9CCBD /* MainViewController+LocationDelegate.swift */,
				4E5F8C8B298D18F700D1CE5C /* MainViewController+Map.swift */,
				4E4B0A2F2BAD803D00838EC0 /* MainViewController+Menus.swift */,
				4EF3530D2BB43E6800A0A85B /* MapMenuView.swift */,
				4E025E3A274E3C4300D56ED7 /* StatusView.swift */,
				4E4B0A332BAD929900838EC0 /* TrackStatusView.swift */,
			);
			path = Main;
			sourceTree = "<group>";
		};
		4E5124232BAAF8EA00A5B416 /* Track */ = {
			isa = PBXGroup;
			children = (
				4EA30CF52C37F706002EA622 /* TrackRecorder.swift */,
				4E1982C22BAB5A0700A37AE0 /* TrackCell.swift */,
				4E2088DE27439C440097BFBA /* TrackLayerView.swift */,
				4E1D0E16274B9C4600F3D584 /* TrackListViewController.swift */,
				4E1D0E1F274BDB1900F3D584 /* TrackViewController.swift */,
			);
			path = Track;
			sourceTree = "<group>";
		};
		4E5124242BAAF91800A5B416 /* Video */ = {
			isa = PBXGroup;
			children = (
				4E1982BE2BAB58CE00A37AE0 /* VideoCell.swift */,
				4E55B2B229476E0B005D2BFB /* VideoPlayerView.swift */,
				4E44248C2B95022B0007A26F /* VideoViewController.swift */,
			);
			path = Video;
			sourceTree = "<group>";
		};
		4E9A245B275379B8004B43BE /* Tile */ = {
			isa = PBXGroup;
			children = (
				4ECFC99E26FBB8AF0083977B /* TilePreloadViewController.swift */,
				4E1B81042732EDC4003ED6B0 /* TileLayerView.swift */,
				4ECC1AD32BA3398C00B9CCBD /* TileSourceController.swift */,
			);
			path = Tile;
			sourceTree = "<group>";
		};
		4EA5C6C62C3D0AB8003348A6 /* Camera */ = {
			isa = PBXGroup;
			children = (
				4E1359442C39718F007F8720 /* CameraViewController.swift */,
			);
			path = Camera;
			sourceTree = "<group>";
		};
		4EEF6F8228FAC58800543EBA /* Search */ = {
			isa = PBXGroup;
			children = (
				4EF353092BB2C30100A0A85B /* SearchResultCell.swift */,
				4EEF6F8328FAC5C500543EBA /* SearchViewController.swift */,
			);
			path = Search;
			sourceTree = "<group>";
		};
		4EF353192BB56AE900A0A85B /* Preferences */ = {
			isa = PBXGroup;
			children = (
				4EECDD762C3A81790080241F /* SettingsViewController.swift */,
				4E55EFAD28DAF951007AD900 /* TrackSettingsViewController.swift */,
			);
			path = Preferences;
			sourceTree = "<group>";
		};
/* End PBXGroup section */

/* Begin PBXNativeTarget section */
		4E0BD97C26E9FC66005A4A94 /* Maps for OSM */ = {
			isa = PBXNativeTarget;
			buildConfigurationList = 4E0BD99126E9FC67005A4A94 /* Build configuration list for PBXNativeTarget "Maps for OSM" */;
			buildPhases = (
				4E0BD97926E9FC66005A4A94 /* Sources */,
				4E0BD97A26E9FC66005A4A94 /* Frameworks */,
				4E0BD97B26E9FC66005A4A94 /* Resources */,
			);
			buildRules = (
			);
			dependencies = (
			);
			name = "Maps for OSM";
			packageProductDependencies = (
				4EC520172C0DEECB009C4A49 /* E5IOSAV */,
				4EC5201A2C0DF030009C4A49 /* E5Data */,
				4EFF86942C273B8300D0DEB0 /* E5MapData */,
				4EFF86972C2AFC0E00D0DEB0 /* E5IOSUI */,
				4EB694522C3EAC720058BAD0 /* E5Data */,
				4EB694562C3EADBB0058BAD0 /* E5PhotoLib */,
				4EB694592C3EAE560058BAD0 /* E5MapData */,
				4EB6945C2C3EAE8A0058BAD0 /* E5IOSAV */,
				4EB6945F2C3EAEAF0058BAD0 /* E5IOSUI */,
				4EB694622C3EAF240058BAD0 /* Zip */,
			);
			productName = SwiftyMapViewer;
			productReference = 4E0BD97D26E9FC66005A4A94 /* Maps for OSM.app */;
			productType = "com.apple.product-type.application";
		};
/* End PBXNativeTarget section */

/* Begin PBXProject section */
		4E0BD97526E9FC66005A4A94 /* Project object */ = {
			isa = PBXProject;
			attributes = {
				BuildIndependentTargetsInParallel = YES;
				LastSwiftUpdateCheck = 1250;
				LastUpgradeCheck = 1530;
				TargetAttributes = {
					4E0BD97C26E9FC66005A4A94 = {
						CreatedOnToolsVersion = 12.5.1;
					};
				};
			};
			buildConfigurationList = 4E0BD97826E9FC66005A4A94 /* Build configuration list for PBXProject "Maps-For-OSM-IOS" */;
			compatibilityVersion = "Xcode 9.3";
			developmentRegion = en;
			hasScannedForEncodings = 0;
			knownRegions = (
				en,
				Base,
				de,
			);
			mainGroup = 4E0BD97426E9FC66005A4A94;
			packageReferences = (
				4EB694512C3EAC720058BAD0 /* XCRemoteSwiftPackageReference "E5Data" */,
				4EB694552C3EADBB0058BAD0 /* XCRemoteSwiftPackageReference "E5PhotoLib" */,
				4EB694582C3EAE560058BAD0 /* XCRemoteSwiftPackageReference "E5MapData" */,
				4EB6945B2C3EAE8A0058BAD0 /* XCRemoteSwiftPackageReference "E5IOSAV" */,
				4EB6945E2C3EAEAF0058BAD0 /* XCRemoteSwiftPackageReference "E5IOSUI" */,
				4EB694612C3EAF240058BAD0 /* XCRemoteSwiftPackageReference "Zip" */,
			);
			productRefGroup = 4E0BD97E26E9FC66005A4A94 /* Products */;
			projectDirPath = "";
			projectRoot = "";
			targets = (
				4E0BD97C26E9FC66005A4A94 /* Maps for OSM */,
			);
		};
/* End PBXProject section */

/* Begin PBXResourcesBuildPhase section */
		4E0BD97B26E9FC66005A4A94 /* Resources */ = {
			isa = PBXResourcesBuildPhase;
			buildActionMask = 2147483647;
			files = (
				4E0BD98D26E9FC67005A4A94 /* LaunchScreen.storyboard in Resources */,
				4E2579042B99C27C00481B23 /* InfoPlist.xcstrings in Resources */,
				4E2579022B99C26700481B23 /* Localizable.xcstrings in Resources */,
				4ED5FC452BBDA98B00E96EBB /* PrivacyInfo.xcprivacy in Resources */,
				4E0BD98A26E9FC67005A4A94 /* Assets.xcassets in Resources */,
				4E2579142B9DB5B200481B23 /* Location.xcstrings in Resources */,
				4E2579132B9DB5B200481B23 /* Base.xcstrings in Resources */,
				4E2579152B9DB5B200481B23 /* Camera.xcstrings in Resources */,
			);
			runOnlyForDeploymentPostprocessing = 0;
		};
/* End PBXResourcesBuildPhase section */

/* Begin PBXSourcesBuildPhase section */
		4E0BD97926E9FC66005A4A94 /* Sources */ = {
			isa = PBXSourcesBuildPhase;
			buildActionMask = 2147483647;
			files = (
				4ED55ECF2976B17400C679AF /* LocationGroupMarker.swift in Sources */,
				4E44248D2B95022C0007A26F /* VideoViewController.swift in Sources */,
				4E5124202BAAE78100A5B416 /* LocationItemCell.swift in Sources */,
				4EF3530A2BB2C30100A0A85B /* SearchResultCell.swift in Sources */,
				4E0BD98126E9FC66005A4A94 /* AppDelegate.swift in Sources */,
				4E4B0A302BAD803D00838EC0 /* MainViewController+Menus.swift in Sources */,
				4EF477142941EBC600294B21 /* ImageItem.swift in Sources */,
				4E4B0A362BAECA2300838EC0 /* NoteViewController.swift in Sources */,
				4ECC1AD82BA4A7C500B9CCBD /* MainViewController+LocationDelegate.swift in Sources */,
				4EF477182941EEB300294B21 /* AudioRecorderViewController.swift in Sources */,
				4EFCC4762BBAEDD100CBEA6E /* ImageListViewController.swift in Sources */,
				4EECDD772C3A81790080241F /* SettingsViewController.swift in Sources */,
				4EEF6F8428FAC5C500543EBA /* SearchViewController.swift in Sources */,
				4E1B811E2732EDC5003ED6B0 /* MapView.swift in Sources */,
				4E6EBDEA2BBFE9C5009BE87C /* CrossLocationMenuViewController.swift in Sources */,
				4E1982BD2BAB55E400A37AE0 /* AudioCell.swift in Sources */,
				4E1359452C39718F007F8720 /* CameraViewController.swift in Sources */,
				4ECFC99F26FBB8AF0083977B /* TilePreloadViewController.swift in Sources */,
				4E1B81172732EDC5003ED6B0 /* LocationLayerView.swift in Sources */,
				4EF56CCC2C403B0000B0A0F3 /* UIColor.swift in Sources */,
				4E1D0E24274C223C00F3D584 /* LocationCell.swift in Sources */,
				4E025E3B274E3C4300D56ED7 /* StatusView.swift in Sources */,
				4E0BD98326E9FC66005A4A94 /* SceneDelegate.swift in Sources */,
				4EE1463028D4C5DD0058F3D3 /* MapScrollView.swift in Sources */,
				4E1B81122732EDC5003ED6B0 /* CurrentLocationView.swift in Sources */,
				4E0BD9A926EA0159005A4A94 /* ImageViewController.swift in Sources */,
				4ECC1ACC2BA2FB3300B9CCBD /* LocationGroupViewController.swift in Sources */,
				4EF4771A2941EED600294B21 /* AudioPlayerView.swift in Sources */,
				4E1D0E20274BDB1900F3D584 /* TrackViewController.swift in Sources */,
				4E79FBB3275BCE67001F0481 /* Marker.swift in Sources */,
				4E1982C12BAB59CD00A37AE0 /* ImageCell.swift in Sources */,
				4E1982BF2BAB58CE00A37AE0 /* VideoCell.swift in Sources */,
				4E4B0A2E2BACA34800838EC0 /* ActionMenuView.swift in Sources */,
				4EF3530E2BB43E6800A0A85B /* MapMenuView.swift in Sources */,
				4E89173F273688580046AC91 /* LocationViewController.swift in Sources */,
				4E5F8C8C298D18F700D1CE5C /* MainViewController+Map.swift in Sources */,
				4E1B81142732EDC5003ED6B0 /* TopMenuView.swift in Sources */,
				4E4798832C060CDE00B49506 /* ICloudViewController.swift in Sources */,
				4ECC1AD42BA3398C00B9CCBD /* TileSourceController.swift in Sources */,
				4E1B81182732EDC5003ED6B0 /* LocationMarker.swift in Sources */,
				4E1D0E17274B9C4600F3D584 /* TrackListViewController.swift in Sources */,
				4E1982C52BAC246600A37AE0 /* NoteCell.swift in Sources */,
				4E1982C32BAB5A0700A37AE0 /* TrackCell.swift in Sources */,
				4EB9BCEA2BB1CE1400787A15 /* AudioRecorderView.swift in Sources */,
				4E55B2B329476E0B005D2BFB /* VideoPlayerView.swift in Sources */,
				4E4B0A342BAD929900838EC0 /* TrackStatusView.swift in Sources */,
				4E1D0E22274C21CD00F3D584 /* LocationListViewController.swift in Sources */,
				4E2088DF27439C440097BFBA /* TrackLayerView.swift in Sources */,
				4E1B81132732EDC5003ED6B0 /* TileLayerView.swift in Sources */,
				4E1B80F12732ED43003ED6B0 /* MainViewController.swift in Sources */,
				4E55EFAE28DAF951007AD900 /* TrackSettingsViewController.swift in Sources */,
				4EA30CF62C37F706002EA622 /* TrackRecorder.swift in Sources */,
			);
			runOnlyForDeploymentPostprocessing = 0;
		};
/* End PBXSourcesBuildPhase section */

/* Begin PBXVariantGroup section */
		4E0BD98B26E9FC67005A4A94 /* LaunchScreen.storyboard */ = {
			isa = PBXVariantGroup;
			children = (
				4E0BD98C26E9FC67005A4A94 /* Base */,
				4E2579052B99C3AF00481B23 /* mul */,
			);
			name = LaunchScreen.storyboard;
			sourceTree = "<group>";
		};
/* End PBXVariantGroup section */

/* Begin XCBuildConfiguration section */
		4E0BD98F26E9FC67005A4A94 /* Debug */ = {
			isa = XCBuildConfiguration;
			buildSettings = {
				ALWAYS_SEARCH_USER_PATHS = NO;
				ASSETCATALOG_COMPILER_GENERATE_SWIFT_ASSET_SYMBOL_EXTENSIONS = YES;
				CLANG_ANALYZER_LOCALIZABILITY_NONLOCALIZED = YES;
				CLANG_ANALYZER_NONNULL = YES;
				CLANG_ANALYZER_NUMBER_OBJECT_CONVERSION = YES_AGGRESSIVE;
				CLANG_CXX_LANGUAGE_STANDARD = "gnu++14";
				CLANG_CXX_LIBRARY = "libc++";
				CLANG_ENABLE_MODULES = YES;
				CLANG_ENABLE_OBJC_ARC = YES;
				CLANG_ENABLE_OBJC_WEAK = YES;
				CLANG_WARN_BLOCK_CAPTURE_AUTORELEASING = YES;
				CLANG_WARN_BOOL_CONVERSION = YES;
				CLANG_WARN_COMMA = YES;
				CLANG_WARN_CONSTANT_CONVERSION = YES;
				CLANG_WARN_DEPRECATED_OBJC_IMPLEMENTATIONS = YES;
				CLANG_WARN_DIRECT_OBJC_ISA_USAGE = YES_ERROR;
				CLANG_WARN_DOCUMENTATION_COMMENTS = YES;
				CLANG_WARN_EMPTY_BODY = YES;
				CLANG_WARN_ENUM_CONVERSION = YES;
				CLANG_WARN_INFINITE_RECURSION = YES;
				CLANG_WARN_INT_CONVERSION = YES;
				CLANG_WARN_NON_LITERAL_NULL_CONVERSION = YES;
				CLANG_WARN_OBJC_IMPLICIT_RETAIN_SELF = YES;
				CLANG_WARN_OBJC_LITERAL_CONVERSION = YES;
				CLANG_WARN_OBJC_ROOT_CLASS = YES_ERROR;
				CLANG_WARN_QUOTED_INCLUDE_IN_FRAMEWORK_HEADER = YES;
				CLANG_WARN_RANGE_LOOP_ANALYSIS = YES;
				CLANG_WARN_STRICT_PROTOTYPES = YES;
				CLANG_WARN_SUSPICIOUS_MOVE = YES;
				CLANG_WARN_UNGUARDED_AVAILABILITY = YES_AGGRESSIVE;
				CLANG_WARN_UNREACHABLE_CODE = YES;
				CLANG_WARN__DUPLICATE_METHOD_MATCH = YES;
				COPY_PHASE_STRIP = NO;
				DEBUG_INFORMATION_FORMAT = dwarf;
				ENABLE_STRICT_OBJC_MSGSEND = YES;
				ENABLE_TESTABILITY = YES;
				ENABLE_USER_SCRIPT_SANDBOXING = YES;
				GCC_C_LANGUAGE_STANDARD = gnu11;
				GCC_DYNAMIC_NO_PIC = NO;
				GCC_NO_COMMON_BLOCKS = YES;
				GCC_OPTIMIZATION_LEVEL = 0;
				GCC_PREPROCESSOR_DEFINITIONS = (
					"DEBUG=1",
					"$(inherited)",
				);
				GCC_WARN_64_TO_32_BIT_CONVERSION = YES;
				GCC_WARN_ABOUT_RETURN_TYPE = YES_ERROR;
				GCC_WARN_UNDECLARED_SELECTOR = YES;
				GCC_WARN_UNINITIALIZED_AUTOS = YES_AGGRESSIVE;
				GCC_WARN_UNUSED_FUNCTION = YES;
				GCC_WARN_UNUSED_VARIABLE = YES;
				IPHONEOS_DEPLOYMENT_TARGET = 17.0;
				LOCALIZATION_PREFERS_STRING_CATALOGS = YES;
				MTL_ENABLE_DEBUG_INFO = INCLUDE_SOURCE;
				MTL_FAST_MATH = YES;
				ONLY_ACTIVE_ARCH = YES;
				SDKROOT = iphoneos;
				SWIFT_ACTIVE_COMPILATION_CONDITIONS = DEBUG;
				SWIFT_OPTIMIZATION_LEVEL = "-Onone";
			};
			name = Debug;
		};
		4E0BD99026E9FC67005A4A94 /* Release */ = {
			isa = XCBuildConfiguration;
			buildSettings = {
				ALWAYS_SEARCH_USER_PATHS = NO;
				ASSETCATALOG_COMPILER_GENERATE_SWIFT_ASSET_SYMBOL_EXTENSIONS = YES;
				CLANG_ANALYZER_LOCALIZABILITY_NONLOCALIZED = YES;
				CLANG_ANALYZER_NONNULL = YES;
				CLANG_ANALYZER_NUMBER_OBJECT_CONVERSION = YES_AGGRESSIVE;
				CLANG_CXX_LANGUAGE_STANDARD = "gnu++14";
				CLANG_CXX_LIBRARY = "libc++";
				CLANG_ENABLE_MODULES = YES;
				CLANG_ENABLE_OBJC_ARC = YES;
				CLANG_ENABLE_OBJC_WEAK = YES;
				CLANG_WARN_BLOCK_CAPTURE_AUTORELEASING = YES;
				CLANG_WARN_BOOL_CONVERSION = YES;
				CLANG_WARN_COMMA = YES;
				CLANG_WARN_CONSTANT_CONVERSION = YES;
				CLANG_WARN_DEPRECATED_OBJC_IMPLEMENTATIONS = YES;
				CLANG_WARN_DIRECT_OBJC_ISA_USAGE = YES_ERROR;
				CLANG_WARN_DOCUMENTATION_COMMENTS = YES;
				CLANG_WARN_EMPTY_BODY = YES;
				CLANG_WARN_ENUM_CONVERSION = YES;
				CLANG_WARN_INFINITE_RECURSION = YES;
				CLANG_WARN_INT_CONVERSION = YES;
				CLANG_WARN_NON_LITERAL_NULL_CONVERSION = YES;
				CLANG_WARN_OBJC_IMPLICIT_RETAIN_SELF = YES;
				CLANG_WARN_OBJC_LITERAL_CONVERSION = YES;
				CLANG_WARN_OBJC_ROOT_CLASS = YES_ERROR;
				CLANG_WARN_QUOTED_INCLUDE_IN_FRAMEWORK_HEADER = YES;
				CLANG_WARN_RANGE_LOOP_ANALYSIS = YES;
				CLANG_WARN_STRICT_PROTOTYPES = YES;
				CLANG_WARN_SUSPICIOUS_MOVE = YES;
				CLANG_WARN_UNGUARDED_AVAILABILITY = YES_AGGRESSIVE;
				CLANG_WARN_UNREACHABLE_CODE = YES;
				CLANG_WARN__DUPLICATE_METHOD_MATCH = YES;
				COPY_PHASE_STRIP = NO;
				DEBUG_INFORMATION_FORMAT = "dwarf-with-dsym";
				ENABLE_NS_ASSERTIONS = NO;
				ENABLE_STRICT_OBJC_MSGSEND = YES;
				ENABLE_USER_SCRIPT_SANDBOXING = YES;
				GCC_C_LANGUAGE_STANDARD = gnu11;
				GCC_NO_COMMON_BLOCKS = YES;
				GCC_WARN_64_TO_32_BIT_CONVERSION = YES;
				GCC_WARN_ABOUT_RETURN_TYPE = YES_ERROR;
				GCC_WARN_UNDECLARED_SELECTOR = YES;
				GCC_WARN_UNINITIALIZED_AUTOS = YES_AGGRESSIVE;
				GCC_WARN_UNUSED_FUNCTION = YES;
				GCC_WARN_UNUSED_VARIABLE = YES;
				IPHONEOS_DEPLOYMENT_TARGET = 17.0;
				LOCALIZATION_PREFERS_STRING_CATALOGS = YES;
				MTL_ENABLE_DEBUG_INFO = NO;
				MTL_FAST_MATH = YES;
				SDKROOT = iphoneos;
				SWIFT_COMPILATION_MODE = wholemodule;
				SWIFT_OPTIMIZATION_LEVEL = "-O";
				VALIDATE_PRODUCT = YES;
			};
			name = Release;
		};
		4E0BD99226E9FC67005A4A94 /* Debug */ = {
			isa = XCBuildConfiguration;
			buildSettings = {
				ASSETCATALOG_COMPILER_APPICON_NAME = AppIcon;
				ASSETCATALOG_COMPILER_GLOBAL_ACCENT_COLOR_NAME = AccentColor;
				CODE_SIGN_ENTITLEMENTS = "Maps for OSM.entitlements";
				CODE_SIGN_STYLE = Automatic;
				CURRENT_PROJECT_VERSION = 38;
				DEVELOPMENT_TEAM = 5UG99476V8;
				INFOPLIST_FILE = "Maps-For-OSM/Info.plist";
				INFOPLIST_KEY_CFBundleDisplayName = "Maps for OSM";
				INFOPLIST_KEY_LSApplicationCategoryType = "public.app-category.navigation";
				LD_RUNPATH_SEARCH_PATHS = (
					"$(inherited)",
					"@executable_path/Frameworks",
				);
				MARKETING_VERSION = 4.0;
				PRODUCT_BUNDLE_IDENTIFIER = de.elbe5.SwiftyMaps;
				PRODUCT_NAME = "$(TARGET_NAME)";
				SUPPORTED_PLATFORMS = "iphoneos iphonesimulator";
				SUPPORTS_MACCATALYST = NO;
				SUPPORTS_MAC_DESIGNED_FOR_IPHONE_IPAD = NO;
				SUPPORTS_XR_DESIGNED_FOR_IPHONE_IPAD = NO;
				SWIFT_EMIT_LOC_STRINGS = YES;
				SWIFT_VERSION = 5.0;
				TARGETED_DEVICE_FAMILY = "1,2";
			};
			name = Debug;
		};
		4E0BD99326E9FC67005A4A94 /* Release */ = {
			isa = XCBuildConfiguration;
			buildSettings = {
				ASSETCATALOG_COMPILER_APPICON_NAME = AppIcon;
				ASSETCATALOG_COMPILER_GLOBAL_ACCENT_COLOR_NAME = AccentColor;
				CODE_SIGN_ENTITLEMENTS = "Maps for OSM.entitlements";
				CODE_SIGN_STYLE = Automatic;
				CURRENT_PROJECT_VERSION = 38;
				DEVELOPMENT_TEAM = 5UG99476V8;
				INFOPLIST_FILE = "Maps-For-OSM/Info.plist";
				INFOPLIST_KEY_CFBundleDisplayName = "Maps for OSM";
				INFOPLIST_KEY_LSApplicationCategoryType = "public.app-category.navigation";
				LD_RUNPATH_SEARCH_PATHS = (
					"$(inherited)",
					"@executable_path/Frameworks",
				);
				MARKETING_VERSION = 4.0;
				PRODUCT_BUNDLE_IDENTIFIER = de.elbe5.SwiftyMaps;
				PRODUCT_NAME = "$(TARGET_NAME)";
				SUPPORTED_PLATFORMS = "iphoneos iphonesimulator";
				SUPPORTS_MACCATALYST = NO;
				SUPPORTS_MAC_DESIGNED_FOR_IPHONE_IPAD = NO;
				SUPPORTS_XR_DESIGNED_FOR_IPHONE_IPAD = NO;
				SWIFT_EMIT_LOC_STRINGS = YES;
				SWIFT_VERSION = 5.0;
				TARGETED_DEVICE_FAMILY = "1,2";
			};
			name = Release;
		};
/* End XCBuildConfiguration section */

/* Begin XCConfigurationList section */
		4E0BD97826E9FC66005A4A94 /* Build configuration list for PBXProject "Maps-For-OSM-IOS" */ = {
			isa = XCConfigurationList;
			buildConfigurations = (
				4E0BD98F26E9FC67005A4A94 /* Debug */,
				4E0BD99026E9FC67005A4A94 /* Release */,
			);
			defaultConfigurationIsVisible = 0;
			defaultConfigurationName = Release;
		};
		4E0BD99126E9FC67005A4A94 /* Build configuration list for PBXNativeTarget "Maps for OSM" */ = {
			isa = XCConfigurationList;
			buildConfigurations = (
				4E0BD99226E9FC67005A4A94 /* Debug */,
				4E0BD99326E9FC67005A4A94 /* Release */,
			);
			defaultConfigurationIsVisible = 0;
			defaultConfigurationName = Release;
		};
/* End XCConfigurationList section */

/* Begin XCRemoteSwiftPackageReference section */
		4EB694512C3EAC720058BAD0 /* XCRemoteSwiftPackageReference "E5Data" */ = {
			isa = XCRemoteSwiftPackageReference;
			repositoryURL = "https://github.com/mr-elbe5/E5Data.git";
			requirement = {
				kind = upToNextMajorVersion;
				minimumVersion = 1.0.26;
			};
		};
		4EB694552C3EADBB0058BAD0 /* XCRemoteSwiftPackageReference "E5PhotoLib" */ = {
			isa = XCRemoteSwiftPackageReference;
			repositoryURL = "https://github.com/mr-elbe5/E5PhotoLib.git";
			requirement = {
				kind = upToNextMajorVersion;
				minimumVersion = 1.0.10;
			};
		};
		4EB694582C3EAE560058BAD0 /* XCRemoteSwiftPackageReference "E5MapData" */ = {
			isa = XCRemoteSwiftPackageReference;
			repositoryURL = "https://github.com/mr-elbe5/E5MapData.git";
			requirement = {
				kind = upToNextMajorVersion;
				minimumVersion = 1.1.8;
			};
		};
		4EB6945B2C3EAE8A0058BAD0 /* XCRemoteSwiftPackageReference "E5IOSAV" */ = {
			isa = XCRemoteSwiftPackageReference;
			repositoryURL = "https://github.com/mr-elbe5/E5IOSAV.git";
			requirement = {
				kind = upToNextMajorVersion;
				minimumVersion = 1.0.14;
			};
		};
		4EB6945E2C3EAEAF0058BAD0 /* XCRemoteSwiftPackageReference "E5IOSUI" */ = {
			isa = XCRemoteSwiftPackageReference;
			repositoryURL = "https://github.com/mr-elbe5/E5IOSUI.git";
			requirement = {
				kind = upToNextMajorVersion;
				minimumVersion = 1.0.24;
			};
		};
		4EB694612C3EAF240058BAD0 /* XCRemoteSwiftPackageReference "Zip" */ = {
			isa = XCRemoteSwiftPackageReference;
			repositoryURL = "https://github.com/marmelroy/Zip.git";
			requirement = {
				kind = upToNextMajorVersion;
				minimumVersion = 2.1.2;
			};
		};
/* End XCRemoteSwiftPackageReference section */

/* Begin XCSwiftPackageProductDependency section */
		4EB694522C3EAC720058BAD0 /* E5Data */ = {
			isa = XCSwiftPackageProductDependency;
			package = 4EB694512C3EAC720058BAD0 /* XCRemoteSwiftPackageReference "E5Data" */;
			productName = E5Data;
		};
		4EB694562C3EADBB0058BAD0 /* E5PhotoLib */ = {
			isa = XCSwiftPackageProductDependency;
			package = 4EB694552C3EADBB0058BAD0 /* XCRemoteSwiftPackageReference "E5PhotoLib" */;
			productName = E5PhotoLib;
		};
		4EB694592C3EAE560058BAD0 /* E5MapData */ = {
			isa = XCSwiftPackageProductDependency;
			package = 4EB694582C3EAE560058BAD0 /* XCRemoteSwiftPackageReference "E5MapData" */;
			productName = E5MapData;
		};
		4EB6945C2C3EAE8A0058BAD0 /* E5IOSAV */ = {
			isa = XCSwiftPackageProductDependency;
			package = 4EB6945B2C3EAE8A0058BAD0 /* XCRemoteSwiftPackageReference "E5IOSAV" */;
			productName = E5IOSAV;
		};
		4EB6945F2C3EAEAF0058BAD0 /* E5IOSUI */ = {
			isa = XCSwiftPackageProductDependency;
			package = 4EB6945E2C3EAEAF0058BAD0 /* XCRemoteSwiftPackageReference "E5IOSUI" */;
			productName = E5IOSUI;
		};
		4EB694622C3EAF240058BAD0 /* Zip */ = {
			isa = XCSwiftPackageProductDependency;
			package = 4EB694612C3EAF240058BAD0 /* XCRemoteSwiftPackageReference "Zip" */;
			productName = Zip;
		};
		4EC520172C0DEECB009C4A49 /* E5IOSAV */ = {
			isa = XCSwiftPackageProductDependency;
			productName = E5IOSAV;
		};
		4EC5201A2C0DF030009C4A49 /* E5Data */ = {
			isa = XCSwiftPackageProductDependency;
			productName = E5Data;
		};
		4EFF86942C273B8300D0DEB0 /* E5MapData */ = {
			isa = XCSwiftPackageProductDependency;
			productName = E5MapData;
		};
		4EFF86972C2AFC0E00D0DEB0 /* E5IOSUI */ = {
			isa = XCSwiftPackageProductDependency;
			productName = E5IOSUI;
		};
/* End XCSwiftPackageProductDependency section */
	};
	rootObject = 4E0BD97526E9FC66005A4A94 /* Project object */;
}
