{
  "originHash" : "039bf0b0c0847498540d78ff0bd2fc8dd88c756b70514c31eedf6d078dfd7150",
  "pins" : [
    {
      "identity" : "e5data",
      "kind" : "remoteSourceControl",
      "location" : "https://git.elbe5cloud.de/miro/E5Data",
      "state" : {
        "revision" : "145df98fc3633c23e2e69e817df9fbcd7a861e59",
        "version" : "1.0.24"
      }
    },
    {
      "identity" : "e5iosav",
      "kind" : "remoteSourceControl",
      "location" : "https://git.elbe5cloud.de/miro/E5IOSAV",
      "state" : {
        "revision" : "9985b3e6416e1d8c1471e2f339a9efc53b21e38d",
        "version" : "1.0.3"
      }
    },
    {
      "identity" : "e5iosui",
      "kind" : "remoteSourceControl",
      "location" : "https://git.elbe5cloud.de/miro/E5IOSUI",
      "state" : {
        "revision" : "4a363497177b03b09c2d7bb03c69e438a5e0f8e1",
        "version" : "1.0.5"
      }
    },
    {
      "identity" : "e5mapdata",
      "kind" : "remoteSourceControl",
      "location" : "https://git.elbe5cloud.de/miro/E5MapData",
      "state" : {
        "revision" : "b21d9eecd88e15b2c3cc802b0f947d8ed957edde",
        "version" : "1.0.10"
      }
    },
    {
      "identity" : "e5photolib",
      "kind" : "remoteSourceControl",
      "location" : "https://git.elbe5cloud.de/miro/E5PhotoLib",
      "state" : {
        "revision" : "d568867b6be2bdc5460b809aa62468203b3bc5ec",
        "version" : "1.0.0"
      }
    },
    {
      "identity" : "zip",
      "kind" : "remoteSourceControl",
      "location" : "https://github.com/marmelroy/Zip.git",
      "state" : {
        "revision" : "67fa55813b9e7b3b9acee9c0ae501def28746d76",
        "version" : "2.1.2"
      }
    }
  ],
  "version" : 3
}
