{
  "originHash" : "039bf0b0c0847498540d78ff0bd2fc8dd88c756b70514c31eedf6d078dfd7150",
  "pins" : [
    {
      "identity" : "e5data",
      "kind" : "remoteSourceControl",
      "location" : "https://git.elbe5cloud.de/miro/E5Data",
      "state" : {
        "revision" : "611b30e29aa91abbc4952ffefc53aac8a8a172fe",
        "version" : "1.0.10"
      }
    },
    {
      "identity" : "e5iosav",
      "kind" : "remoteSourceControl",
      "location" : "https://git.elbe5cloud.de/miro/E5IOSAV",
      "state" : {
        "revision" : "312b4a83e427ba6d1118f257b201b2ff43e5fe2d",
        "version" : "1.0.1"
      }
    },
    {
      "identity" : "e5iosui",
      "kind" : "remoteSourceControl",
      "location" : "https://git.elbe5cloud.de/miro/E5IOSUI",
      "state" : {
        "revision" : "8d05226bb1fddcedc914190f587a5840997eb969",
        "version" : "1.0.0"
      }
    },
    {
      "identity" : "e5mapdata",
      "kind" : "remoteSourceControl",
      "location" : "https://git.elbe5cloud.de/miro/E5MapData",
      "state" : {
        "revision" : "f8bde295f5d3c749eeb29137be8cc528091835e7",
        "version" : "1.0.5"
      }
    },
    {
      "identity" : "e5photolib",
      "kind" : "remoteSourceControl",
      "location" : "https://git.elbe5cloud.de/miro/E5PhotoLib",
      "state" : {
        "revision" : "d568867b6be2bdc5460b809aa62468203b3bc5ec",
        "version" : "1.0.0"
      }
    },
    {
      "identity" : "zip",
      "kind" : "remoteSourceControl",
      "location" : "https://github.com/marmelroy/Zip.git",
      "state" : {
        "revision" : "67fa55813b9e7b3b9acee9c0ae501def28746d76",
        "version" : "2.1.2"
      }
    }
  ],
  "version" : 3
}
