{
  "originHash" : "0a54977526bcf22adca101897903b438c0dd5c286a5fc7a8cb061a563a1b3b00",
  "pins" : [
    {
      "identity" : "e5data",
      "kind" : "remoteSourceControl",
      "location" : "https://github.com/mr-elbe5/E5Data.git",
      "state" : {
        "revision" : "9d3e7d892279cb709ec3b2701cc22169ae0af67c",
        "version" : "1.0.30"
      }
    },
    {
      "identity" : "e5iosui",
      "kind" : "remoteSourceControl",
      "location" : "https://github.com/mr-elbe5/E5IOSUI.git",
      "state" : {
        "revision" : "90ace0503b3328f95fe906e8d180001feb2b82ec",
        "version" : "1.0.38"
      }
    },
    {
      "identity" : "e5photolib",
      "kind" : "remoteSourceControl",
      "location" : "https://github.com/mr-elbe5/E5PhotoLib.git",
      "state" : {
        "revision" : "90a077dcd3d5cf7f4bd3f01f58b64466acef8016",
        "version" : "1.0.11"
      }
    },
    {
      "identity" : "zip",
      "kind" : "remoteSourceControl",
      "location" : "https://github.com/marmelroy/Zip.git",
      "state" : {
        "revision" : "67fa55813b9e7b3b9acee9c0ae501def28746d76",
        "version" : "2.1.2"
      }
    }
  ],
  "version" : 3
}
